
Microsoft Visual Studio Solution File, Format Version 12.00
# Visual Studio Version 17
VisualStudioVersion = 17.2.32616.157
MinimumVisualStudioVersion = 10.0.40219.1
Project("{FAE04EC0-301F-11D3-BF4B-00C04F79EFBC}") = "JeavioTestCandidate", "JeavioTestCandidate.csproj", "{CE17B8C1-3E25-4569-8F21-B144A0719ABA}"
EndProject
Global
	GlobalSection(SolutionConfigurationPlatforms) = preSolution
		Debug|Any CPU = Debug|Any CPU
		Release|Any CPU = Release|Any CPU
	EndGlobalSection
	GlobalSection(ProjectConfigurationPlatforms) = postSolution
		{CE17B8C1-3E25-4569-8F21-B144A0719ABA}.Debug|Any CPU.ActiveCfg = Debug|Any CPU
		{CE17B8C1-3E25-4569-8F21-B144A0719ABA}.Debug|Any CPU.Build.0 = Debug|Any CPU
		{CE17B8C1-3E25-4569-8F21-B144A0719ABA}.Release|Any CPU.ActiveCfg = Release|Any CPU
		{CE17B8C1-3E25-4569-8F21-B144A0719ABA}.Release|Any CPU.Build.0 = Release|Any CPU
	EndGlobalSection
	GlobalSection(SolutionProperties) = preSolution
		HideSolutionNode = FALSE
	EndGlobalSection
	GlobalSection(ExtensibilityGlobals) = postSolution
		SolutionGuid = {F14D4123-D97C-465A-8F90-DDA8D11E7685}
	EndGlobalSection
EndGlobal
